
Microsoft Visual Studio Solution File, Format Version 12.00
# Visual Studio Version 17
VisualStudioVersion = 17.5.33424.131
MinimumVisualStudioVersion = 10.0.40219.1
Project("{9A19103F-16F7-4668-BE54-9A1E7A4F7556}") = "ConnectwiseWebApplication", "ConnectwiseWebApplication\ConnectwiseWebApplication.csproj", "{BB71264F-03C7-473A-8633-D851F816E832}"
EndProject
Project("{FAE04EC0-301F-11D3-BF4B-00C04F79EFBC}") = "ConnectWiseBackend", "ConnectWiseBackend\ConnectWiseBackend.csproj", "{5EE8B2D9-1869-469B-8A44-659534988138}"
EndProject
Global
	GlobalSection(SolutionConfigurationPlatforms) = preSolution
		Debug|Any CPU = Debug|Any CPU
		Release|Any CPU = Release|Any CPU
	EndGlobalSection
	GlobalSection(ProjectConfigurationPlatforms) = postSolution
		{BB71264F-03C7-473A-8633-D851F816E832}.Debug|Any CPU.ActiveCfg = Debug|Any CPU
		{BB71264F-03C7-473A-8633-D851F816E832}.Debug|Any CPU.Build.0 = Debug|Any CPU
		{BB71264F-03C7-473A-8633-D851F816E832}.Release|Any CPU.ActiveCfg = Release|Any CPU
		{BB71264F-03C7-473A-8633-D851F816E832}.Release|Any CPU.Build.0 = Release|Any CPU
		{5EE8B2D9-1869-469B-8A44-659534988138}.Debug|Any CPU.ActiveCfg = Debug|Any CPU
		{5EE8B2D9-1869-469B-8A44-659534988138}.Debug|Any CPU.Build.0 = Debug|Any CPU
		{5EE8B2D9-1869-469B-8A44-659534988138}.Release|Any CPU.ActiveCfg = Release|Any CPU
		{5EE8B2D9-1869-469B-8A44-659534988138}.Release|Any CPU.Build.0 = Release|Any CPU
	EndGlobalSection
	GlobalSection(SolutionProperties) = preSolution
		HideSolutionNode = FALSE
	EndGlobalSection
	GlobalSection(ExtensibilityGlobals) = postSolution
		SolutionGuid = {5010D05C-7B7D-4E2C-9E5F-58F88C1AA99B}
	EndGlobalSection
EndGlobal
